version = 5

[skills]
[skills.create-readme]
registry = 'github/awesome-copilot'
source = 'https://github.com/github/awesome-copilot.git'
path = 'skills/create-readme'
ref = 'main'
commit = '07b34ec9cf66c55c1deae1f1ac7248dca6d3fa9e'
installCommit = '07b34ec9cf66c55c1deae1f1ac7248dca6d3fa9e'
commitAuthor = 'github-actions[bot] <41898282+github-actions[bot]@users.noreply.github.com>'
subtreeHash = 'sha256:c1bd300b8d2b2d16e3eece70840222127fd2fdefb359ca2fab17c465c5407d28'
treeOID = 'f65537a3461b663121fe195697979c17a8004ea5'
targets = ['claude']
installedAt = 2026-06-06T05:49:41.276013Z

[skills.create-readme.verification]
[skills.create-readme.verification.scan]
reportSHA = 'sha256:8e861d1c0c08bc27596a10dcfb4b644e044073e1fc760b047f09e143e872b6ea'
scannerVersion = '0.7.0'
decision = 'allowed'

[skills.create-readme.verification.scan.counts]
critical = 0
high = 0
medium = 0
low = 0
info = 0

[skills.create-readme.verification.provenance]
provider = 'git'
signatureStatus = 'none'

[skills.frontend-design]
registry = 'anthropics/skills'
source = 'https://github.com/anthropics/skills.git'
path = 'skills/frontend-design'
ref = 'main'
commit = 'da20c92503b2e8ff1cf28ca81a0df4673debdbf7'
installCommit = 'da20c92503b2e8ff1cf28ca81a0df4673debdbf7'
commitAuthor = 'Keith Lazuka <klazuka@anthropic.com>'
subtreeHash = 'sha256:21dce9699042cfdbff0ba122d1ecf9fe95583e53c7d42b790c550ca9279f0d43'
treeOID = '928950704df8a8b885c03de5da626331e6f29cf8'
targets = ['claude']
installedAt = 2026-06-03T13:03:00.652324Z

[skills.frontend-design.verification]
[skills.frontend-design.verification.scan]
reportSHA = 'sha256:7c2ab91df883d443d31b0702a060981c1b471e56a37ef433343c5423b697f94c'
scannerVersion = '0.7.0'
decision = 'allowed'

[skills.frontend-design.verification.scan.counts]
critical = 0
high = 0
medium = 0
low = 0
info = 0

[skills.frontend-design.verification.provenance]
provider = 'git'
signatureStatus = 'none'
